
Microsoft Visual Studio Solution File, Format Version 12.00
# Visual Studio Version 17
VisualStudioVersion = 17.8.34330.188
MinimumVisualStudioVersion = 10.0.40219.1
Project("{FAE04EC0-301F-11D3-BF4B-00C04F79EFBC}") = "foldertransfer1", "foldertransfer1\foldertransfer1.csproj", "{75F1DF55-C070-44BE-836D-417700FDBA7B}"
EndProject
Global
	GlobalSection(SolutionConfigurationPlatforms) = preSolution
		Debug|Any CPU = Debug|Any CPU
		Release|Any CPU = Release|Any CPU
	EndGlobalSection
	GlobalSection(ProjectConfigurationPlatforms) = postSolution
		{75F1DF55-C070-44BE-836D-417700FDBA7B}.Debug|Any CPU.ActiveCfg = Debug|Any CPU
		{75F1DF55-C070-44BE-836D-417700FDBA7B}.Debug|Any CPU.Build.0 = Debug|Any CPU
		{75F1DF55-C070-44BE-836D-417700FDBA7B}.Release|Any CPU.ActiveCfg = Release|Any CPU
		{75F1DF55-C070-44BE-836D-417700FDBA7B}.Release|Any CPU.Build.0 = Release|Any CPU
	EndGlobalSection
	GlobalSection(SolutionProperties) = preSolution
		HideSolutionNode = FALSE
	EndGlobalSection
	GlobalSection(ExtensibilityGlobals) = postSolution
		SolutionGuid = {0656A6D6-FF9D-44E4-B4DA-33894D9FD3EA}
	EndGlobalSection
EndGlobal
